
Microsoft Visual Studio Solution File, Format Version 12.00
# Visual Studio 2012
Project("{FAE04EC0-301F-11D3-BF4B-00C04F79EFBC}") = "hvkoeb", "hvkoeb\hvkoeb.csproj", "{22832DCF-2255-4925-983D-A2C12AD23F57}"
EndProject
Project("{FAE04EC0-301F-11D3-BF4B-00C04F79EFBC}") = "hvkoeb.Tests", "hvkoeb.Tests\hvkoeb.Tests.csproj", "{8C9CC1F6-A1FA-4639-AF17-9B45476DC70F}"
EndProject
Global
	GlobalSection(SolutionConfigurationPlatforms) = preSolution
		Debug|Any CPU = Debug|Any CPU
		Release|Any CPU = Release|Any CPU
	EndGlobalSection
	GlobalSection(ProjectConfigurationPlatforms) = postSolution
		{22832DCF-2255-4925-983D-A2C12AD23F57}.Debug|Any CPU.ActiveCfg = Debug|Any CPU
		{22832DCF-2255-4925-983D-A2C12AD23F57}.Debug|Any CPU.Build.0 = Debug|Any CPU
		{22832DCF-2255-4925-983D-A2C12AD23F57}.Release|Any CPU.ActiveCfg = Release|Any CPU
		{22832DCF-2255-4925-983D-A2C12AD23F57}.Release|Any CPU.Build.0 = Release|Any CPU
		{8C9CC1F6-A1FA-4639-AF17-9B45476DC70F}.Debug|Any CPU.ActiveCfg = Debug|Any CPU
		{8C9CC1F6-A1FA-4639-AF17-9B45476DC70F}.Debug|Any CPU.Build.0 = Debug|Any CPU
		{8C9CC1F6-A1FA-4639-AF17-9B45476DC70F}.Release|Any CPU.ActiveCfg = Release|Any CPU
		{8C9CC1F6-A1FA-4639-AF17-9B45476DC70F}.Release|Any CPU.Build.0 = Release|Any CPU
	EndGlobalSection
	GlobalSection(SolutionProperties) = preSolution
		HideSolutionNode = FALSE
	EndGlobalSection
EndGlobal
